Microsoft Visual Studio Solution File, Format Version 12.00
# Visual Studio Version 17
VisualStudioVersion = 17.5.2.0
MinimumVisualStudioVersion = 10.0.40219.1
Project("{FAE04EC0-301F-11D3-BF4B-00C04F79EFBC}") = "Projeto.API", "Projeto.API.csproj", "{4552A7E8-709E-29F3-4862-8E0C596087DB}"
EndProject
Global
	GlobalSection(SolutionConfigurationPlatforms) = preSolution
		Debug|Any CPU = Debug|Any CPU
		Release|Any CPU = Release|Any CPU
	EndGlobalSection
	GlobalSection(ProjectConfigurationPlatforms) = postSolution
		{4552A7E8-709E-29F3-4862-8E0C596087DB}.Debug|Any CPU.ActiveCfg = Debug|Any CPU
		{4552A7E8-709E-29F3-4862-8E0C596087DB}.Debug|Any CPU.Build.0 = Debug|Any CPU
		{4552A7E8-709E-29F3-4862-8E0C596087DB}.Release|Any CPU.ActiveCfg = Release|Any CPU
		{4552A7E8-709E-29F3-4862-8E0C596087DB}.Release|Any CPU.Build.0 = Release|Any CPU
	EndGlobalSection
	GlobalSection(SolutionProperties) = preSolution
		HideSolutionNode = FALSE
	EndGlobalSection
	GlobalSection(ExtensibilityGlobals) = postSolution
		SolutionGuid = {F0F863C8-82FA-4491-A47B-32D2F93CABEC}
	EndGlobalSection
EndGlobal
